PODS:
  - boost-for-react-native (1.63.0)
  - BugsnagReactNative (2.23.2):
    - BugsnagReactNative/Core (= 2.23.2)
    - React
  - BugsnagReactNative/Core (2.23.2):
    - React
  - BVLinearGradient (2.5.6):
    - React
  - DoubleConversion (1.1.6)
  - FBLazyVector (0.61.3)
  - FBReactNativeSpec (0.61.3):
    - Folly (= 2018.10.22.00)
    - RCTRequired (= 0.61.3)
    - RCTTypeSafety (= 0.61.3)
    - React-Core (= 0.61.3)
    - React-jsi (= 0.61.3)
    - ReactCommon/turbomodule/core (= 0.61.3)
  - Firebase/Core (6.8.1):
    - Firebase/CoreOnly
    - FirebaseAnalytics (= 6.1.1)
  - Firebase/CoreOnly (6.8.1):
    - FirebaseCore (= 6.2.3)
  - FirebaseAnalytics (6.1.1):
    - FirebaseCore (~> 6.2)
    - FirebaseInstanceID (~> 4.2)
    - GoogleAppMeasurement (= 6.1.1)
    - GoogleUtilities/AppDelegateSwizzler (~> 6.0)
    - GoogleUtilities/MethodSwizzler (~> 6.0)
    - GoogleUtilities/Network (~> 6.0)
    - "GoogleUtilities/NSData+zlib (~> 6.0)"
    - nanopb (~> 0.3)
  - FirebaseCore (6.2.3):
    - FirebaseCoreDiagnostics (~> 1.0)
    - FirebaseCoreDiagnosticsInterop (~> 1.0)
    - GoogleUtilities/Environment (~> 6.2)
    - GoogleUtilities/Logger (~> 6.2)
  - FirebaseCoreDiagnostics (1.1.0):
    - FirebaseCoreDiagnosticsInterop (~> 1.0)
    - GoogleDataTransportCCTSupport (~> 1.0)
    - GoogleUtilities/Environment (~> 6.2)
    - GoogleUtilities/Logger (~> 6.2)
  - FirebaseCoreDiagnosticsInterop (1.0.0)
  - FirebaseInstanceID (4.2.5):
    - FirebaseCore (~> 6.0)
    - GoogleUtilities/Environment (~> 6.0)
    - GoogleUtilities/UserDefaults (~> 6.0)
  - Folly (2018.10.22.00):
    - boost-for-react-native
    - DoubleConversion
    - Folly/Default (= 2018.10.22.00)
    - glog
  - Folly/Default (2018.10.22.00):
    - boost-for-react-native
    - DoubleConversion
    - glog
  - glog (0.3.5)
  - GoogleAppMeasurement (6.1.1):
    - GoogleUtilities/AppDelegateSwizzler (~> 6.0)
    - GoogleUtilities/MethodSwizzler (~> 6.0)
    - GoogleUtilities/Network (~> 6.0)
    - "GoogleUtilities/NSData+zlib (~> 6.0)"
    - nanopb (~> 0.3)
  - GoogleDataTransport (2.0.0)
  - GoogleDataTransportCCTSupport (1.1.0):
    - GoogleDataTransport (~> 2.0)
    - nanopb
  - GoogleUtilities/AppDelegateSwizzler (6.3.1):
    - GoogleUtilities/Environment
    - GoogleUtilities/Logger
    - GoogleUtilities/Network
  - GoogleUtilities/Environment (6.3.1)
  - GoogleUtilities/Logger (6.3.1):
    - GoogleUtilities/Environment
  - GoogleUtilities/MethodSwizzler (6.3.1):
    - GoogleUtilities/Logger
  - GoogleUtilities/Network (6.3.1):
    - GoogleUtilities/Logger
    - "GoogleUtilities/NSData+zlib"
    - GoogleUtilities/Reachability
  - "GoogleUtilities/NSData+zlib (6.3.1)"
  - GoogleUtilities/Reachability (6.3.1):
    - GoogleUtilities/Logger
  - GoogleUtilities/UserDefaults (6.3.1):
    - GoogleUtilities/Logger
  - nanopb (0.3.901):
    - nanopb/decode (= 0.3.901)
    - nanopb/encode (= 0.3.901)
  - nanopb/decode (0.3.901)
  - nanopb/encode (0.3.901)
  - RCTRequired (0.61.3)
  - RCTTypeSafety (0.61.3):
    - FBLazyVector (= 0.61.3)
    - Folly (= 2018.10.22.00)
    - RCTRequired (= 0.61.3)
    - React-Core (= 0.61.3)
  - React (0.61.3):
    - React-Core (= 0.61.3)
    - React-Core/DevSupport (= 0.61.3)
    - React-Core/RCTWebSocket (= 0.61.3)
    - React-RCTActionSheet (= 0.61.3)
    - React-RCTAnimation (= 0.61.3)
    - React-RCTBlob (= 0.61.3)
    - React-RCTImage (= 0.61.3)
    - React-RCTLinking (= 0.61.3)
    - React-RCTNetwork (= 0.61.3)
    - React-RCTSettings (= 0.61.3)
    - React-RCTText (= 0.61.3)
    - React-RCTVibration (= 0.61.3)
  - React-Core (0.61.3):
    - Folly (= 2018.10.22.00)
    - glog
    - React-Core/Default (= 0.61.3)
    - React-cxxreact (= 0.61.3)
    - React-jsi (= 0.61.3)
    - React-jsiexecutor (= 0.61.3)
    - Yoga
  - React-Core/CoreModulesHeaders (0.61.3):
    - Folly (= 2018.10.22.00)
    - glog
    - React-Core/Default
    - React-cxxreact (= 0.61.3)
    - React-jsi (= 0.61.3)
    - React-jsiexecutor (= 0.61.3)
    - Yoga
  - React-Core/Default (0.61.3):
    - Folly (= 2018.10.22.00)
    - glog
    - React-cxxreact (= 0.61.3)
    - React-jsi (= 0.61.3)
    - React-jsiexecutor (= 0.61.3)
    - Yoga
  - React-Core/DevSupport (0.61.3):
    - Folly (= 2018.10.22.00)
    - glog
    - React-Core/Default (= 0.61.3)
    - React-Core/RCTWebSocket (= 0.61.3)
    - React-cxxreact (= 0.61.3)
    - React-jsi (= 0.61.3)
    - React-jsiexecutor (= 0.61.3)
    - React-jsinspector (= 0.61.3)
    - Yoga
  - React-Core/RCTActionSheetHeaders (0.61.3):
    - Folly (= 2018.10.22.00)
    - glog
    - React-Core/Default
    - React-cxxreact (= 0.61.3)
    - React-jsi (= 0.61.3)
    - React-jsiexecutor (= 0.61.3)
    - Yoga
  - React-Core/RCTAnimationHeaders (0.61.3):
    - Folly (= 2018.10.22.00)
    - glog
    - React-Core/Default
    - React-cxxreact (= 0.61.3)
    - React-jsi (= 0.61.3)
    - React-jsiexecutor (= 0.61.3)
    - Yoga
  - React-Core/RCTBlobHeaders (0.61.3):
    - Folly (= 2018.10.22.00)
    - glog
    - React-Core/Default
    - React-cxxreact (= 0.61.3)
    - React-jsi (= 0.61.3)
    - React-jsiexecutor (= 0.61.3)
    - Yoga
  - React-Core/RCTImageHeaders (0.61.3):
    - Folly (= 2018.10.22.00)
    - glog
    - React-Core/Default
    - React-cxxreact (= 0.61.3)
    - React-jsi (= 0.61.3)
    - React-jsiexecutor (= 0.61.3)
    - Yoga
  - React-Core/RCTLinkingHeaders (0.61.3):
    - Folly (= 2018.10.22.00)
    - glog
    - React-Core/Default
    - React-cxxreact (= 0.61.3)
    - React-jsi (= 0.61.3)
    - React-jsiexecutor (= 0.61.3)
    - Yoga
  - React-Core/RCTNetworkHeaders (0.61.3):
    - Folly (= 2018.10.22.00)
    - glog
    - React-Core/Default
    - React-cxxreact (= 0.61.3)
    - React-jsi (= 0.61.3)
    - React-jsiexecutor (= 0.61.3)
    - Yoga
  - React-Core/RCTSettingsHeaders (0.61.3):
    - Folly (= 2018.10.22.00)
    - glog
    - React-Core/Default
    - React-cxxreact (= 0.61.3)
    - React-jsi (= 0.61.3)
    - React-jsiexecutor (= 0.61.3)
    - Yoga
  - React-Core/RCTTextHeaders (0.61.3):
    - Folly (= 2018.10.22.00)
    - glog
    - React-Core/Default
    - React-cxxreact (= 0.61.3)
    - React-jsi (= 0.61.3)
    - React-jsiexecutor (= 0.61.3)
    - Yoga
  - React-Core/RCTVibrationHeaders (0.61.3):
    - Folly (= 2018.10.22.00)
    - glog
    - React-Core/Default
    - React-cxxreact (= 0.61.3)
    - React-jsi (= 0.61.3)
    - React-jsiexecutor (= 0.61.3)
    - Yoga
  - React-Core/RCTWebSocket (0.61.3):
    - Folly (= 2018.10.22.00)
    - glog
    - React-Core/Default (= 0.61.3)
    - React-cxxreact (= 0.61.3)
    - React-jsi (= 0.61.3)
    - React-jsiexecutor (= 0.61.3)
    - Yoga
  - React-CoreModules (0.61.3):
    - FBReactNativeSpec (= 0.61.3)
    - Folly (= 2018.10.22.00)
    - RCTTypeSafety (= 0.61.3)
    - React-Core/CoreModulesHeaders (= 0.61.3)
    - React-RCTImage (= 0.61.3)
    - ReactCommon/turbomodule/core (= 0.61.3)
  - React-cxxreact (0.61.3):
    - boost-for-react-native (= 1.63.0)
    - DoubleConversion
    - Folly (= 2018.10.22.00)
    - glog
    - React-jsinspector (= 0.61.3)
  - React-jsi (0.61.3):
    - boost-for-react-native (= 1.63.0)
    - DoubleConversion
    - Folly (= 2018.10.22.00)
    - glog
    - React-jsi/Default (= 0.61.3)
  - React-jsi/Default (0.61.3):
    - boost-for-react-native (= 1.63.0)
    - DoubleConversion
    - Folly (= 2018.10.22.00)
    - glog
  - React-jsiexecutor (0.61.3):
    - DoubleConversion
    - Folly (= 2018.10.22.00)
    - glog
    - React-cxxreact (= 0.61.3)
    - React-jsi (= 0.61.3)
  - React-jsinspector (0.61.3)
  - react-native-safe-area-context (0.3.6):
    - React
  - React-RCTActionSheet (0.61.3):
    - React-Core/RCTActionSheetHeaders (= 0.61.3)
  - React-RCTAnimation (0.61.3):
    - React-Core/RCTAnimationHeaders (= 0.61.3)
  - React-RCTBlob (0.61.3):
    - React-Core/RCTBlobHeaders (= 0.61.3)
    - React-Core/RCTWebSocket (= 0.61.3)
    - React-jsi (= 0.61.3)
    - React-RCTNetwork (= 0.61.3)
  - React-RCTImage (0.61.3):
    - React-Core/RCTImageHeaders (= 0.61.3)
    - React-RCTNetwork (= 0.61.3)
  - React-RCTLinking (0.61.3):
    - React-Core/RCTLinkingHeaders (= 0.61.3)
  - React-RCTNetwork (0.61.3):
    - React-Core/RCTNetworkHeaders (= 0.61.3)
  - React-RCTSettings (0.61.3):
    - React-Core/RCTSettingsHeaders (= 0.61.3)
  - React-RCTText (0.61.3):
    - React-Core/RCTTextHeaders (= 0.61.3)
  - React-RCTVibration (0.61.3):
    - React-Core/RCTVibrationHeaders (= 0.61.3)
  - ReactCommon/jscallinvoker (0.61.3):
    - DoubleConversion
    - Folly (= 2018.10.22.00)
    - glog
    - React-cxxreact (= 0.61.3)
  - ReactCommon/turbomodule/core (0.61.3):
    - DoubleConversion
    - Folly (= 2018.10.22.00)
    - glog
    - React-Core (= 0.61.3)
    - React-cxxreact (= 0.61.3)
    - React-jsi (= 0.61.3)
    - ReactCommon/jscallinvoker (= 0.61.3)
  - RNFBAnalytics (6.0.0):
    - Firebase/Core (~> 6.8.1)
    - React
    - RNFBApp
  - RNFBApp (6.0.0):
    - Firebase/Core (~> 6.8.1)
    - React
  - RNGestureHandler (1.4.1):
    - React
  - RNInAppBrowser (3.1.0):
    - React
  - RNReactNativeHapticFeedback (1.8.2):
    - React
  - RNStoreReview (0.1.5):
    - React
  - Yoga (1.14.0)

DEPENDENCIES:
  - BugsnagReactNative (from `../../../node_modules/bugsnag-react-native`)
  - BVLinearGradient (from `../../../node_modules/react-native-linear-gradient`)
  - DoubleConversion (from `../../../node_modules/react-native/third-party-podspecs/DoubleConversion.podspec`)
  - FBLazyVector (from `../../../node_modules/react-native/Libraries/FBLazyVector`)
  - FBReactNativeSpec (from `../../../node_modules/react-native/Libraries/FBReactNativeSpec`)
  - Folly (from `../../../node_modules/react-native/third-party-podspecs/Folly.podspec`)
  - glog (from `../../../node_modules/react-native/third-party-podspecs/glog.podspec`)
  - RCTRequired (from `../../../node_modules/react-native/Libraries/RCTRequired`)
  - RCTTypeSafety (from `../../../node_modules/react-native/Libraries/TypeSafety`)
  - React (from `../../../node_modules/react-native/`)
  - React-Core (from `../../../node_modules/react-native/`)
  - React-Core/DevSupport (from `../../../node_modules/react-native/`)
  - React-Core/RCTWebSocket (from `../../../node_modules/react-native/`)
  - React-CoreModules (from `../../../node_modules/react-native/React/CoreModules`)
  - React-cxxreact (from `../../../node_modules/react-native/ReactCommon/cxxreact`)
  - React-jsi (from `../../../node_modules/react-native/ReactCommon/jsi`)
  - React-jsiexecutor (from `../../../node_modules/react-native/ReactCommon/jsiexecutor`)
  - React-jsinspector (from `../../../node_modules/react-native/ReactCommon/jsinspector`)
  - react-native-safe-area-context (from `../../../node_modules/react-native-safe-area-context`)
  - React-RCTActionSheet (from `../../../node_modules/react-native/Libraries/ActionSheetIOS`)
  - React-RCTAnimation (from `../../../node_modules/react-native/Libraries/NativeAnimation`)
  - React-RCTBlob (from `../../../node_modules/react-native/Libraries/Blob`)
  - React-RCTImage (from `../../../node_modules/react-native/Libraries/Image`)
  - React-RCTLinking (from `../../../node_modules/react-native/Libraries/LinkingIOS`)
  - React-RCTNetwork (from `../../../node_modules/react-native/Libraries/Network`)
  - React-RCTSettings (from `../../../node_modules/react-native/Libraries/Settings`)
  - React-RCTText (from `../../../node_modules/react-native/Libraries/Text`)
  - React-RCTVibration (from `../../../node_modules/react-native/Libraries/Vibration`)
  - ReactCommon/jscallinvoker (from `../../../node_modules/react-native/ReactCommon`)
  - ReactCommon/turbomodule/core (from `../../../node_modules/react-native/ReactCommon`)
  - "RNFBAnalytics (from `../../../node_modules/@react-native-firebase/analytics`)"
  - "RNFBApp (from `../../../node_modules/@react-native-firebase/app`)"
  - RNGestureHandler (from `../../../node_modules/react-native-gesture-handler`)
  - RNInAppBrowser (from `../../../node_modules/react-native-inappbrowser-reborn`)
  - RNReactNativeHapticFeedback (from `../../../node_modules/react-native-haptic-feedback`)
  - RNStoreReview (from `../../../node_modules/react-native-store-review/ios`)
  - Yoga (from `../../../node_modules/react-native/ReactCommon/yoga`)

SPEC REPOS:
  trunk:
    - boost-for-react-native
    - Firebase
    - FirebaseAnalytics
    - FirebaseCore
    - FirebaseCoreDiagnostics
    - FirebaseCoreDiagnosticsInterop
    - FirebaseInstanceID
    - GoogleAppMeasurement
    - GoogleDataTransport
    - GoogleDataTransportCCTSupport
    - GoogleUtilities
    - nanopb

EXTERNAL SOURCES:
  BugsnagReactNative:
    :path: "../../../node_modules/bugsnag-react-native"
  BVLinearGradient:
    :path: "../../../node_modules/react-native-linear-gradient"
  DoubleConversion:
    :podspec: "../../../node_modules/react-native/third-party-podspecs/DoubleConversion.podspec"
  FBLazyVector:
    :path: "../../../node_modules/react-native/Libraries/FBLazyVector"
  FBReactNativeSpec:
    :path: "../../../node_modules/react-native/Libraries/FBReactNativeSpec"
  Folly:
    :podspec: "../../../node_modules/react-native/third-party-podspecs/Folly.podspec"
  glog:
    :podspec: "../../../node_modules/react-native/third-party-podspecs/glog.podspec"
  RCTRequired:
    :path: "../../../node_modules/react-native/Libraries/RCTRequired"
  RCTTypeSafety:
    :path: "../../../node_modules/react-native/Libraries/TypeSafety"
  React:
    :path: "../../../node_modules/react-native/"
  React-Core:
    :path: "../../../node_modules/react-native/"
  React-CoreModules:
    :path: "../../../node_modules/react-native/React/CoreModules"
  React-cxxreact:
    :path: "../../../node_modules/react-native/ReactCommon/cxxreact"
  React-jsi:
    :path: "../../../node_modules/react-native/ReactCommon/jsi"
  React-jsiexecutor:
    :path: "../../../node_modules/react-native/ReactCommon/jsiexecutor"
  React-jsinspector:
    :path: "../../../node_modules/react-native/ReactCommon/jsinspector"
  react-native-safe-area-context:
    :path: "../../../node_modules/react-native-safe-area-context"
  React-RCTActionSheet:
    :path: "../../../node_modules/react-native/Libraries/ActionSheetIOS"
  React-RCTAnimation:
    :path: "../../../node_modules/react-native/Libraries/NativeAnimation"
  React-RCTBlob:
    :path: "../../../node_modules/react-native/Libraries/Blob"
  React-RCTImage:
    :path: "../../../node_modules/react-native/Libraries/Image"
  React-RCTLinking:
    :path: "../../../node_modules/react-native/Libraries/LinkingIOS"
  React-RCTNetwork:
    :path: "../../../node_modules/react-native/Libraries/Network"
  React-RCTSettings:
    :path: "../../../node_modules/react-native/Libraries/Settings"
  React-RCTText:
    :path: "../../../node_modules/react-native/Libraries/Text"
  React-RCTVibration:
    :path: "../../../node_modules/react-native/Libraries/Vibration"
  ReactCommon:
    :path: "../../../node_modules/react-native/ReactCommon"
  RNFBAnalytics:
    :path: "../../../node_modules/@react-native-firebase/analytics"
  RNFBApp:
    :path: "../../../node_modules/@react-native-firebase/app"
  RNGestureHandler:
    :path: "../../../node_modules/react-native-gesture-handler"
  RNInAppBrowser:
    :path: "../../../node_modules/react-native-inappbrowser-reborn"
  RNReactNativeHapticFeedback:
    :path: "../../../node_modules/react-native-haptic-feedback"
  RNStoreReview:
    :path: "../../../node_modules/react-native-store-review/ios"
  Yoga:
    :path: "../../../node_modules/react-native/ReactCommon/yoga"

SPEC CHECKSUMS:
  boost-for-react-native: 39c7adb57c4e60d6c5479dd8623128eb5b3f0f2c
  BugsnagReactNative: 0a24a1dd2cac88862d67b938f809bec8274130a9
  BVLinearGradient: e3aad03778a456d77928f594a649e96995f1c872
  DoubleConversion: 5805e889d232975c086db112ece9ed034df7a0b2
  FBLazyVector: 5bc5b1606fc9a7ac6956de049f6e30901ed31c49
  FBReactNativeSpec: f7be9bcc5ce259f7c39509f3f4caf59020d11d4c
  Firebase: 9cbe4e5b5eaafa05dc932be58b7c8c3820d71e88
  FirebaseAnalytics: 843c7f64a8f9c79f0d03281197ebe7bb1d58d477
  FirebaseCore: e9d9bd1dae61c1e82bc1e0e617a9d832392086a0
  FirebaseCoreDiagnostics: be4f7a09d02ab305f18de59a470412caddb64c2a
  FirebaseCoreDiagnosticsInterop: 6829da2b8d1fc795ff1bd99df751d3788035d2cb
  FirebaseInstanceID: 550df9be1f99f751d8fcde3ac342a1e21a0e6c42
  Folly: 30e7936e1c45c08d884aa59369ed951a8e68cf51
  glog: 1f3da668190260b06b429bb211bfbee5cd790c28
  GoogleAppMeasurement: 86a82f0e1f20b8eedf8e20326530138fd71409de
  GoogleDataTransport: c8617c00e4f3eb9418e42ac0e8ac5241a9d555dd
  GoogleDataTransportCCTSupport: 9f352523e8785a71f6754f51eeff09f49ec19268
  GoogleUtilities: f895fde57977df4e0233edda0dbeac490e3703b6
  nanopb: 2901f78ea1b7b4015c860c2fdd1ea2fee1a18d48
  RCTRequired: a72523286ea3381f97b28d87529c265baad3ad7d
  RCTTypeSafety: e3cc0537400222250f0be37bd69f4b339d3c0a0f
  React: 3dc877fc32548b0c7108ca7f301466f4956cbff8
  React-Core: ca94e2e7d22cdcc266a405c4d2ad5e5675145776
  React-CoreModules: aa415458b5d7dacd10ac1b324d679f6e17cd8685
  React-cxxreact: bac5da3d62ee98abd3c1bf7338a7cc6205da7f69
  React-jsi: 8bcf5836caa8a759c135ab9ef97f3e023a7b94af
  React-jsiexecutor: ae078e9df9c65bcdcf68f9a17656657932d95528
  React-jsinspector: a8939cc6909607eb5e8a5ecfff7c6226984e174d
  react-native-safe-area-context: e380a6f783ccaec848e2f3cc8eb205a62362950d
  React-RCTActionSheet: 94671eef55b01a93be735605822ef712d5ea208e
  React-RCTAnimation: 524ae33e73de9c0fe6501a7a4bda8e01d26499d9
  React-RCTBlob: 5481c2db702f57207af7e7a9b32d90524b821b72
  React-RCTImage: b472cc0606f8a7c1ac270d6ccc57123a09439a32
  React-RCTLinking: 9cfc7bfdfda078489736695ac476de1f265b9f82
  React-RCTNetwork: 967547e4eeac92e55d41573a82da7fff4003052a
  React-RCTSettings: 6ab7911172056b5077dacd9240f057eeeb1b121b
  React-RCTText: b8f895b94aa0e7778fef28d13f3d71eed4a10c3d
  React-RCTVibration: 262588c97551b0b1c675468cda857466ba5af18f
  ReactCommon: c2c63d9290b422ca6ad5b3663073a015dd892ae9
  RNFBAnalytics: bd2fea9474c1b9069db180d52af6638d8b350c14
  RNFBApp: ab5fd1046cfba3f762fe6f71600c8eab5ec2a83b
  RNGestureHandler: 4cb47a93019c1a201df2644413a0a1569a51c8aa
  RNInAppBrowser: 9d1ffb9db0d0cbdf03f528f1f0624b2c533b93fd
  RNReactNativeHapticFeedback: e11a4da0ce174e9f88b03cbaf5d76d94633cdee2
  RNStoreReview: 62d6afd7c37db711a594bbffca6b0ea3a812b7a8
  Yoga: 02036f6383c0008edb7ef0773a0e6beb6ce82bd1

PODFILE CHECKSUM: 8b4d4079258394a9aa370007ab7a7ed043b69099

COCOAPODS: 1.8.3
