PODS:
  - Firebase/Auth (4.6.0):
    - Firebase/Core
    - FirebaseAuth (= 4.3.2)
  - Firebase/Core (4.6.0):
    - FirebaseAnalytics (= 4.0.5)
    - FirebaseCore (= 4.0.11)
  - Firebase/Database (4.6.0):
    - Firebase/Core
    - FirebaseDatabase (= 4.1.1)
  - Firebase/Performance (4.6.0):
    - Firebase/Core
    - FirebasePerformance (= 1.0.6)
  - FirebaseAnalytics (4.0.5):
    - FirebaseCore (~> 4.0)
    - FirebaseInstanceID (~> 2.0)
    - GoogleToolboxForMac/NSData+zlib (~> 2.1)
    - nanopb (~> 0.3)
  - FirebaseAuth (4.3.2):
    - FirebaseAnalytics (~> 4.0)
    - GoogleToolboxForMac/NSDictionary+URLArguments (~> 2.1)
    - GTMSessionFetcher/Core (~> 1.1)
  - FirebaseCore (4.0.11):
    - GoogleToolboxForMac/NSData+zlib (~> 2.1)
  - FirebaseDatabase (4.1.1):
    - FirebaseAnalytics (~> 4.0)
    - FirebaseCore (~> 4.0)
    - leveldb-library (~> 1.18)
  - FirebaseInstanceID (2.0.6)
  - FirebasePerformance (1.0.6):
    - FirebaseAnalytics (~> 4.0)
    - FirebaseInstanceID (~> 2.0)
    - GoogleToolboxForMac/Logger (~> 2.1)
    - GoogleToolboxForMac/NSData+zlib (~> 2.1)
    - GTMSessionFetcher/Core (~> 1.1)
    - Protobuf (~> 3.1)
  - GoogleToolboxForMac/DebugUtils (2.1.3):
    - GoogleToolboxForMac/Defines (= 2.1.3)
  - GoogleToolboxForMac/Defines (2.1.3)
  - GoogleToolboxForMac/Logger (2.1.3):
    - GoogleToolboxForMac/Defines (= 2.1.3)
  - GoogleToolboxForMac/NSData+zlib (2.1.3):
    - GoogleToolboxForMac/Defines (= 2.1.3)
  - GoogleToolboxForMac/NSDictionary+URLArguments (2.1.3):
    - GoogleToolboxForMac/DebugUtils (= 2.1.3)
    - GoogleToolboxForMac/Defines (= 2.1.3)
    - GoogleToolboxForMac/NSString+URLArguments (= 2.1.3)
  - GoogleToolboxForMac/NSString+URLArguments (2.1.3)
  - GTMSessionFetcher/Core (1.1.12)
  - leveldb-library (1.20)
  - nanopb (0.3.8):
    - nanopb/decode (= 0.3.8)
    - nanopb/encode (= 0.3.8)
  - nanopb/decode (0.3.8)
  - nanopb/encode (0.3.8)
  - Protobuf (3.5.0)

DEPENDENCIES:
  - Firebase/Auth
  - Firebase/Core
  - Firebase/Database
  - Firebase/Performance

SPEC CHECKSUMS:
  Firebase: 27321a925aa85520618255a7c630859e0502ccbd
  FirebaseAnalytics: 5b02a63ead2c3f0259cfc7f15e053e440587ecf8
  FirebaseAuth: e58563adb207a43910a2ed87fecb9fa7d556df5a
  FirebaseCore: 2a946ece8fbe3ce1fdeeb55324f273caade22df9
  FirebaseDatabase: 2e6e8e110b93b9a6e7aac71774c769a363035cb1
  FirebaseInstanceID: 24958382a1011bba5aaff37e334e7a650b9118f5
  FirebasePerformance: fa032c27e229eb8c1a8638918793fe2e47465205
  GoogleToolboxForMac: 2501e2ad72a52eb3dfe7bd9aee7dad11b858bd20
  GTMSessionFetcher: ebaa1f79a5366922c1735f1566901f50beba23b7
  leveldb-library: 4f9eedf84ab46b4fa3b7893bf30714b2a1a74022
  nanopb: 5601e6bca2dbf1ed831b519092ec110f66982ca3
  Protobuf: 8a9838fba8dae3389230e1b7f8c104aa32389c03

PODFILE CHECKSUM: de5a8b56a80f3b33b0171e76066e1dff90fdae29

COCOAPODS: 1.3.1
